
Microsoft Visual Studio Solution File, Format Version 12.00
# Visual Studio Version 17
VisualStudioVersion = 17.3.32922.545
MinimumVisualStudioVersion = 10.0.40219.1
Project("{9A19103F-16F7-4668-BE54-9A1E7A4F7556}") = "FitnessFoodChallenge.Api", "FitnessFoodChallenge\FitnessFoodChallenge.Api.csproj", "{65FAEDB9-3419-4782-B60C-4F9DD0F6DD06}"
EndProject
Project("{9A19103F-16F7-4668-BE54-9A1E7A4F7556}") = "Cron.Service", "Cron.Service\Cron.Service.csproj", "{11F900F3-C81F-4DBE-A6AF-3ECB83B851D0}"
EndProject
Project("{FAE04EC0-301F-11D3-BF4B-00C04F79EFBC}") = "Repository", "Repository\Repository.csproj", "{B969F44F-E1D7-4CAD-AE0B-D32B59A5942C}"
EndProject
Global
	GlobalSection(SolutionConfigurationPlatforms) = preSolution
		Debug|Any CPU = Debug|Any CPU
		Release|Any CPU = Release|Any CPU
	EndGlobalSection
	GlobalSection(ProjectConfigurationPlatforms) = postSolution
		{65FAEDB9-3419-4782-B60C-4F9DD0F6DD06}.Debug|Any CPU.ActiveCfg = Debug|Any CPU
		{65FAEDB9-3419-4782-B60C-4F9DD0F6DD06}.Debug|Any CPU.Build.0 = Debug|Any CPU
		{65FAEDB9-3419-4782-B60C-4F9DD0F6DD06}.Release|Any CPU.ActiveCfg = Release|Any CPU
		{65FAEDB9-3419-4782-B60C-4F9DD0F6DD06}.Release|Any CPU.Build.0 = Release|Any CPU
		{11F900F3-C81F-4DBE-A6AF-3ECB83B851D0}.Debug|Any CPU.ActiveCfg = Debug|Any CPU
		{11F900F3-C81F-4DBE-A6AF-3ECB83B851D0}.Debug|Any CPU.Build.0 = Debug|Any CPU
		{11F900F3-C81F-4DBE-A6AF-3ECB83B851D0}.Release|Any CPU.ActiveCfg = Release|Any CPU
		{11F900F3-C81F-4DBE-A6AF-3ECB83B851D0}.Release|Any CPU.Build.0 = Release|Any CPU
		{B969F44F-E1D7-4CAD-AE0B-D32B59A5942C}.Debug|Any CPU.ActiveCfg = Debug|Any CPU
		{B969F44F-E1D7-4CAD-AE0B-D32B59A5942C}.Debug|Any CPU.Build.0 = Debug|Any CPU
		{B969F44F-E1D7-4CAD-AE0B-D32B59A5942C}.Release|Any CPU.ActiveCfg = Release|Any CPU
		{B969F44F-E1D7-4CAD-AE0B-D32B59A5942C}.Release|Any CPU.Build.0 = Release|Any CPU
	EndGlobalSection
	GlobalSection(SolutionProperties) = preSolution
		HideSolutionNode = FALSE
	EndGlobalSection
	GlobalSection(ExtensibilityGlobals) = postSolution
		SolutionGuid = {459D4587-B218-4269-BC40-AE513CA3848D}
	EndGlobalSection
EndGlobal
